
Microsoft Visual Studio Solution File, Format Version 12.00
# Visual Studio Version 17
VisualStudioVersion = 17.7.34009.444
MinimumVisualStudioVersion = 10.0.40219.1
Project("{FAE04EC0-301F-11D3-BF4B-00C04F79EFBC}") = "VirtualDars.Demo.RateLimiting", "VirtualDars.Demo.RateLimiting.csproj", "{22FC6ACF-8969-4D93-8342-61E29D6E2E60}"
EndProject
Global
	GlobalSection(SolutionConfigurationPlatforms) = preSolution
		Debug|Any CPU = Debug|Any CPU
		Release|Any CPU = Release|Any CPU
	EndGlobalSection
	GlobalSection(ProjectConfigurationPlatforms) = postSolution
		{22FC6ACF-8969-4D93-8342-61E29D6E2E60}.Debug|Any CPU.ActiveCfg = Debug|Any CPU
		{22FC6ACF-8969-4D93-8342-61E29D6E2E60}.Debug|Any CPU.Build.0 = Debug|Any CPU
		{22FC6ACF-8969-4D93-8342-61E29D6E2E60}.Release|Any CPU.ActiveCfg = Release|Any CPU
		{22FC6ACF-8969-4D93-8342-61E29D6E2E60}.Release|Any CPU.Build.0 = Release|Any CPU
	EndGlobalSection
	GlobalSection(SolutionProperties) = preSolution
		HideSolutionNode = FALSE
	EndGlobalSection
	GlobalSection(ExtensibilityGlobals) = postSolution
		SolutionGuid = {BFD4E107-613B-4989-8419-D698393F7FC4}
	EndGlobalSection
EndGlobal
